
Microsoft Visual Studio Solution File, Format Version 12.00
# Visual Studio Version 16
VisualStudioVersion = 16.0.30611.23
MinimumVisualStudioVersion = 10.0.40219.1
Project("{9A19103F-16F7-4668-BE54-9A1E7A4F7556}") = "ProductImport", "ProductImport\ProductImport.csproj", "{ED47A61A-5151-4C2B-A58E-D3BE90EA7127}"
EndProject
Project("{FAE04EC0-301F-11D3-BF4B-00C04F79EFBC}") = "ProductImportTestCases", "ProductImportTestCases\ProductImportTestCases.csproj", "{21FFCC01-1EA9-4054-9431-D22AA62CCB5E}"
EndProject
Global
	GlobalSection(SolutionConfigurationPlatforms) = preSolution
		Debug|Any CPU = Debug|Any CPU
		Release|Any CPU = Release|Any CPU
	EndGlobalSection
	GlobalSection(ProjectConfigurationPlatforms) = postSolution
		{ED47A61A-5151-4C2B-A58E-D3BE90EA7127}.Debug|Any CPU.ActiveCfg = Debug|Any CPU
		{ED47A61A-5151-4C2B-A58E-D3BE90EA7127}.Debug|Any CPU.Build.0 = Debug|Any CPU
		{ED47A61A-5151-4C2B-A58E-D3BE90EA7127}.Release|Any CPU.ActiveCfg = Release|Any CPU
		{ED47A61A-5151-4C2B-A58E-D3BE90EA7127}.Release|Any CPU.Build.0 = Release|Any CPU
		{21FFCC01-1EA9-4054-9431-D22AA62CCB5E}.Debug|Any CPU.ActiveCfg = Debug|Any CPU
		{21FFCC01-1EA9-4054-9431-D22AA62CCB5E}.Debug|Any CPU.Build.0 = Debug|Any CPU
		{21FFCC01-1EA9-4054-9431-D22AA62CCB5E}.Release|Any CPU.ActiveCfg = Release|Any CPU
		{21FFCC01-1EA9-4054-9431-D22AA62CCB5E}.Release|Any CPU.Build.0 = Release|Any CPU
	EndGlobalSection
	GlobalSection(SolutionProperties) = preSolution
		HideSolutionNode = FALSE
	EndGlobalSection
	GlobalSection(ExtensibilityGlobals) = postSolution
		SolutionGuid = {27E9152C-0514-4A2F-A9BB-CD25DEFBFDAC}
	EndGlobalSection
EndGlobal
